
Microsoft Visual Studio Solution File, Format Version 12.00
# Visual Studio 15
VisualStudioVersion = 15.0.26730.16
MinimumVisualStudioVersion = 10.0.40219.1
Project("{2150E333-8FDC-42A3-9474-1A3956D46DE8}") = "Third Party", "Third Party", "{1FE2EC2E-7052-4F0B-85C2-59226534F361}"
EndProject
Project("{FAE04EC0-301F-11D3-BF4B-00C04F79EFBC}") = "Pixel3D.Network.Demo", "test\Pixel3D.Network.Demo\Pixel3D.Network.Demo.csproj", "{65B8A6B1-A982-42A5-A8D5-F156D82B85DB}"
EndProject
Project("{2150E333-8FDC-42A3-9474-1A3956D46DE8}") = "Networking", "Networking", "{3C4CE707-10FB-4C1C-94A1-FE0B31BF7E3B}"
EndProject
Project("{2150E333-8FDC-42A3-9474-1A3956D46DE8}") = "Solution Items", "Solution Items", "{F923BB5B-13E4-423E-8833-C21F64CE89F9}"
	ProjectSection(SolutionItems) = preProject
		LICENSE = LICENSE
		README.md = README.md
	EndProjectSection
EndProject
Project("{9A19103F-16F7-4668-BE54-9A1E7A4F7556}") = "FNA.Core", "..\FNA\FNA.Core.csproj", "{F3E50046-481C-4B6F-87B3-4A20CC5CC1EE}"
EndProject
Project("{9A19103F-16F7-4668-BE54-9A1E7A4F7556}") = "Lidgren.Network", "src\Lidgren.Network\Lidgren.Network.csproj", "{BE141B54-9355-4CEA-BE0D-BC59F5AAE4D0}"
EndProject
Project("{9A19103F-16F7-4668-BE54-9A1E7A4F7556}") = "Pixel3D.P2P", "src\Pixel3D.P2P\Pixel3D.P2P.csproj", "{B1EB84CB-16F6-4741-86E9-D0C628AC2947}"
EndProject
Project("{9A19103F-16F7-4668-BE54-9A1E7A4F7556}") = "Pixel3D.Network.Rollback.Input", "src\Pixel3D.Network.Rollback.Input\Pixel3D.Network.Rollback.Input.csproj", "{C68994DF-9643-45D0-AC7F-E6BD5E6D3DE7}"
EndProject
Project("{9A19103F-16F7-4668-BE54-9A1E7A4F7556}") = "Pixel3D.Network.Rollback", "src\Pixel3D.Network.Rollback\Pixel3D.Network.Rollback.csproj", "{0E961E02-5342-4E70-9D77-9D377BAF811D}"
EndProject
Project("{9A19103F-16F7-4668-BE54-9A1E7A4F7556}") = "Pixel3D.Network", "src\Pixel3D.Network\Pixel3D.Network.csproj", "{9AFDE48C-D4A3-4322-9B41-0D881D1A49ED}"
EndProject
Global
	GlobalSection(SolutionConfigurationPlatforms) = preSolution
		Debug|Any CPU = Debug|Any CPU
		Debug|x64 = Debug|x64
		Debug|x86 = Debug|x86
		Release|Any CPU = Release|Any CPU
		Release|x64 = Release|x64
		Release|x86 = Release|x86
		Retail|Any CPU = Retail|Any CPU
		Retail|x64 = Retail|x64
		Retail|x86 = Retail|x86
	EndGlobalSection
	GlobalSection(ProjectConfigurationPlatforms) = postSolution
		{65B8A6B1-A982-42A5-A8D5-F156D82B85DB}.Debug|Any CPU.ActiveCfg = Debug|Any CPU
		{65B8A6B1-A982-42A5-A8D5-F156D82B85DB}.Debug|Any CPU.Build.0 = Debug|Any CPU
		{65B8A6B1-A982-42A5-A8D5-F156D82B85DB}.Debug|x64.ActiveCfg = Debug|x86
		{65B8A6B1-A982-42A5-A8D5-F156D82B85DB}.Debug|x86.ActiveCfg = Debug|Any CPU
		{65B8A6B1-A982-42A5-A8D5-F156D82B85DB}.Debug|x86.Build.0 = Debug|Any CPU
		{65B8A6B1-A982-42A5-A8D5-F156D82B85DB}.Release|Any CPU.ActiveCfg = Release|Any CPU
		{65B8A6B1-A982-42A5-A8D5-F156D82B85DB}.Release|Any CPU.Build.0 = Release|Any CPU
		{65B8A6B1-A982-42A5-A8D5-F156D82B85DB}.Release|x64.ActiveCfg = Release|x86
		{65B8A6B1-A982-42A5-A8D5-F156D82B85DB}.Release|x86.ActiveCfg = Release|x86
		{65B8A6B1-A982-42A5-A8D5-F156D82B85DB}.Release|x86.Build.0 = Release|x86
		{65B8A6B1-A982-42A5-A8D5-F156D82B85DB}.Retail|Any CPU.ActiveCfg = Release|x86
		{65B8A6B1-A982-42A5-A8D5-F156D82B85DB}.Retail|Any CPU.Build.0 = Release|x86
		{65B8A6B1-A982-42A5-A8D5-F156D82B85DB}.Retail|x64.ActiveCfg = Release|x86
		{65B8A6B1-A982-42A5-A8D5-F156D82B85DB}.Retail|x64.Build.0 = Release|x86
		{65B8A6B1-A982-42A5-A8D5-F156D82B85DB}.Retail|x86.ActiveCfg = Release|x86
		{65B8A6B1-A982-42A5-A8D5-F156D82B85DB}.Retail|x86.Build.0 = Release|x86
		{F3E50046-481C-4B6F-87B3-4A20CC5CC1EE}.Debug|Any CPU.ActiveCfg = Debug|Any CPU
		{F3E50046-481C-4B6F-87B3-4A20CC5CC1EE}.Debug|Any CPU.Build.0 = Debug|Any CPU
		{F3E50046-481C-4B6F-87B3-4A20CC5CC1EE}.Debug|x64.ActiveCfg = Debug|x64
		{F3E50046-481C-4B6F-87B3-4A20CC5CC1EE}.Debug|x64.Build.0 = Debug|x64
		{F3E50046-481C-4B6F-87B3-4A20CC5CC1EE}.Debug|x86.ActiveCfg = Debug|Any CPU
		{F3E50046-481C-4B6F-87B3-4A20CC5CC1EE}.Debug|x86.Build.0 = Debug|Any CPU
		{F3E50046-481C-4B6F-87B3-4A20CC5CC1EE}.Release|Any CPU.ActiveCfg = Release|Any CPU
		{F3E50046-481C-4B6F-87B3-4A20CC5CC1EE}.Release|Any CPU.Build.0 = Release|Any CPU
		{F3E50046-481C-4B6F-87B3-4A20CC5CC1EE}.Release|x64.ActiveCfg = Release|x64
		{F3E50046-481C-4B6F-87B3-4A20CC5CC1EE}.Release|x64.Build.0 = Release|x64
		{F3E50046-481C-4B6F-87B3-4A20CC5CC1EE}.Release|x86.ActiveCfg = Release|Any CPU
		{F3E50046-481C-4B6F-87B3-4A20CC5CC1EE}.Release|x86.Build.0 = Release|Any CPU
		{F3E50046-481C-4B6F-87B3-4A20CC5CC1EE}.Retail|Any CPU.ActiveCfg = Release|Any CPU
		{F3E50046-481C-4B6F-87B3-4A20CC5CC1EE}.Retail|Any CPU.Build.0 = Release|Any CPU
		{F3E50046-481C-4B6F-87B3-4A20CC5CC1EE}.Retail|x64.ActiveCfg = Release|x64
		{F3E50046-481C-4B6F-87B3-4A20CC5CC1EE}.Retail|x64.Build.0 = Release|x64
		{F3E50046-481C-4B6F-87B3-4A20CC5CC1EE}.Retail|x86.ActiveCfg = Release|Any CPU
		{F3E50046-481C-4B6F-87B3-4A20CC5CC1EE}.Retail|x86.Build.0 = Release|Any CPU
		{BE141B54-9355-4CEA-BE0D-BC59F5AAE4D0}.Debug|Any CPU.ActiveCfg = Debug|Any CPU
		{BE141B54-9355-4CEA-BE0D-BC59F5AAE4D0}.Debug|Any CPU.Build.0 = Debug|Any CPU
		{BE141B54-9355-4CEA-BE0D-BC59F5AAE4D0}.Debug|x64.ActiveCfg = Debug|Any CPU
		{BE141B54-9355-4CEA-BE0D-BC59F5AAE4D0}.Debug|x64.Build.0 = Debug|Any CPU
		{BE141B54-9355-4CEA-BE0D-BC59F5AAE4D0}.Debug|x86.ActiveCfg = Debug|Any CPU
		{BE141B54-9355-4CEA-BE0D-BC59F5AAE4D0}.Debug|x86.Build.0 = Debug|Any CPU
		{BE141B54-9355-4CEA-BE0D-BC59F5AAE4D0}.Release|Any CPU.ActiveCfg = Release|Any CPU
		{BE141B54-9355-4CEA-BE0D-BC59F5AAE4D0}.Release|Any CPU.Build.0 = Release|Any CPU
		{BE141B54-9355-4CEA-BE0D-BC59F5AAE4D0}.Release|x64.ActiveCfg = Release|Any CPU
		{BE141B54-9355-4CEA-BE0D-BC59F5AAE4D0}.Release|x64.Build.0 = Release|Any CPU
		{BE141B54-9355-4CEA-BE0D-BC59F5AAE4D0}.Release|x86.ActiveCfg = Release|Any CPU
		{BE141B54-9355-4CEA-BE0D-BC59F5AAE4D0}.Release|x86.Build.0 = Release|Any CPU
		{BE141B54-9355-4CEA-BE0D-BC59F5AAE4D0}.Retail|Any CPU.ActiveCfg = Release|Any CPU
		{BE141B54-9355-4CEA-BE0D-BC59F5AAE4D0}.Retail|Any CPU.Build.0 = Release|Any CPU
		{BE141B54-9355-4CEA-BE0D-BC59F5AAE4D0}.Retail|x64.ActiveCfg = Release|Any CPU
		{BE141B54-9355-4CEA-BE0D-BC59F5AAE4D0}.Retail|x64.Build.0 = Release|Any CPU
		{BE141B54-9355-4CEA-BE0D-BC59F5AAE4D0}.Retail|x86.ActiveCfg = Release|Any CPU
		{BE141B54-9355-4CEA-BE0D-BC59F5AAE4D0}.Retail|x86.Build.0 = Release|Any CPU
		{B1EB84CB-16F6-4741-86E9-D0C628AC2947}.Debug|Any CPU.ActiveCfg = Debug|Any CPU
		{B1EB84CB-16F6-4741-86E9-D0C628AC2947}.Debug|Any CPU.Build.0 = Debug|Any CPU
		{B1EB84CB-16F6-4741-86E9-D0C628AC2947}.Debug|x64.ActiveCfg = Debug|Any CPU
		{B1EB84CB-16F6-4741-86E9-D0C628AC2947}.Debug|x64.Build.0 = Debug|Any CPU
		{B1EB84CB-16F6-4741-86E9-D0C628AC2947}.Debug|x86.ActiveCfg = Debug|Any CPU
		{B1EB84CB-16F6-4741-86E9-D0C628AC2947}.Debug|x86.Build.0 = Debug|Any CPU
		{B1EB84CB-16F6-4741-86E9-D0C628AC2947}.Release|Any CPU.ActiveCfg = Release|Any CPU
		{B1EB84CB-16F6-4741-86E9-D0C628AC2947}.Release|Any CPU.Build.0 = Release|Any CPU
		{B1EB84CB-16F6-4741-86E9-D0C628AC2947}.Release|x64.ActiveCfg = Release|Any CPU
		{B1EB84CB-16F6-4741-86E9-D0C628AC2947}.Release|x64.Build.0 = Release|Any CPU
		{B1EB84CB-16F6-4741-86E9-D0C628AC2947}.Release|x86.ActiveCfg = Release|Any CPU
		{B1EB84CB-16F6-4741-86E9-D0C628AC2947}.Release|x86.Build.0 = Release|Any CPU
		{B1EB84CB-16F6-4741-86E9-D0C628AC2947}.Retail|Any CPU.ActiveCfg = Release|Any CPU
		{B1EB84CB-16F6-4741-86E9-D0C628AC2947}.Retail|Any CPU.Build.0 = Release|Any CPU
		{B1EB84CB-16F6-4741-86E9-D0C628AC2947}.Retail|x64.ActiveCfg = Release|Any CPU
		{B1EB84CB-16F6-4741-86E9-D0C628AC2947}.Retail|x64.Build.0 = Release|Any CPU
		{B1EB84CB-16F6-4741-86E9-D0C628AC2947}.Retail|x86.ActiveCfg = Release|Any CPU
		{B1EB84CB-16F6-4741-86E9-D0C628AC2947}.Retail|x86.Build.0 = Release|Any CPU
		{C68994DF-9643-45D0-AC7F-E6BD5E6D3DE7}.Debug|Any CPU.ActiveCfg = Debug|Any CPU
		{C68994DF-9643-45D0-AC7F-E6BD5E6D3DE7}.Debug|Any CPU.Build.0 = Debug|Any CPU
		{C68994DF-9643-45D0-AC7F-E6BD5E6D3DE7}.Debug|x64.ActiveCfg = Debug|Any CPU
		{C68994DF-9643-45D0-AC7F-E6BD5E6D3DE7}.Debug|x64.Build.0 = Debug|Any CPU
		{C68994DF-9643-45D0-AC7F-E6BD5E6D3DE7}.Debug|x86.ActiveCfg = Debug|Any CPU
		{C68994DF-9643-45D0-AC7F-E6BD5E6D3DE7}.Debug|x86.Build.0 = Debug|Any CPU
		{C68994DF-9643-45D0-AC7F-E6BD5E6D3DE7}.Release|Any CPU.ActiveCfg = Release|Any CPU
		{C68994DF-9643-45D0-AC7F-E6BD5E6D3DE7}.Release|Any CPU.Build.0 = Release|Any CPU
		{C68994DF-9643-45D0-AC7F-E6BD5E6D3DE7}.Release|x64.ActiveCfg = Release|Any CPU
		{C68994DF-9643-45D0-AC7F-E6BD5E6D3DE7}.Release|x64.Build.0 = Release|Any CPU
		{C68994DF-9643-45D0-AC7F-E6BD5E6D3DE7}.Release|x86.ActiveCfg = Release|Any CPU
		{C68994DF-9643-45D0-AC7F-E6BD5E6D3DE7}.Release|x86.Build.0 = Release|Any CPU
		{C68994DF-9643-45D0-AC7F-E6BD5E6D3DE7}.Retail|Any CPU.ActiveCfg = Release|Any CPU
		{C68994DF-9643-45D0-AC7F-E6BD5E6D3DE7}.Retail|Any CPU.Build.0 = Release|Any CPU
		{C68994DF-9643-45D0-AC7F-E6BD5E6D3DE7}.Retail|x64.ActiveCfg = Release|Any CPU
		{C68994DF-9643-45D0-AC7F-E6BD5E6D3DE7}.Retail|x64.Build.0 = Release|Any CPU
		{C68994DF-9643-45D0-AC7F-E6BD5E6D3DE7}.Retail|x86.ActiveCfg = Release|Any CPU
		{C68994DF-9643-45D0-AC7F-E6BD5E6D3DE7}.Retail|x86.Build.0 = Release|Any CPU
		{0E961E02-5342-4E70-9D77-9D377BAF811D}.Debug|Any CPU.ActiveCfg = Debug|Any CPU
		{0E961E02-5342-4E70-9D77-9D377BAF811D}.Debug|Any CPU.Build.0 = Debug|Any CPU
		{0E961E02-5342-4E70-9D77-9D377BAF811D}.Debug|x64.ActiveCfg = Debug|Any CPU
		{0E961E02-5342-4E70-9D77-9D377BAF811D}.Debug|x64.Build.0 = Debug|Any CPU
		{0E961E02-5342-4E70-9D77-9D377BAF811D}.Debug|x86.ActiveCfg = Debug|Any CPU
		{0E961E02-5342-4E70-9D77-9D377BAF811D}.Debug|x86.Build.0 = Debug|Any CPU
		{0E961E02-5342-4E70-9D77-9D377BAF811D}.Release|Any CPU.ActiveCfg = Release|Any CPU
		{0E961E02-5342-4E70-9D77-9D377BAF811D}.Release|Any CPU.Build.0 = Release|Any CPU
		{0E961E02-5342-4E70-9D77-9D377BAF811D}.Release|x64.ActiveCfg = Release|Any CPU
		{0E961E02-5342-4E70-9D77-9D377BAF811D}.Release|x64.Build.0 = Release|Any CPU
		{0E961E02-5342-4E70-9D77-9D377BAF811D}.Release|x86.ActiveCfg = Release|Any CPU
		{0E961E02-5342-4E70-9D77-9D377BAF811D}.Release|x86.Build.0 = Release|Any CPU
		{0E961E02-5342-4E70-9D77-9D377BAF811D}.Retail|Any CPU.ActiveCfg = Release|Any CPU
		{0E961E02-5342-4E70-9D77-9D377BAF811D}.Retail|Any CPU.Build.0 = Release|Any CPU
		{0E961E02-5342-4E70-9D77-9D377BAF811D}.Retail|x64.ActiveCfg = Release|Any CPU
		{0E961E02-5342-4E70-9D77-9D377BAF811D}.Retail|x64.Build.0 = Release|Any CPU
		{0E961E02-5342-4E70-9D77-9D377BAF811D}.Retail|x86.ActiveCfg = Release|Any CPU
		{0E961E02-5342-4E70-9D77-9D377BAF811D}.Retail|x86.Build.0 = Release|Any CPU
		{9AFDE48C-D4A3-4322-9B41-0D881D1A49ED}.Debug|Any CPU.ActiveCfg = Debug|Any CPU
		{9AFDE48C-D4A3-4322-9B41-0D881D1A49ED}.Debug|Any CPU.Build.0 = Debug|Any CPU
		{9AFDE48C-D4A3-4322-9B41-0D881D1A49ED}.Debug|x64.ActiveCfg = Debug|Any CPU
		{9AFDE48C-D4A3-4322-9B41-0D881D1A49ED}.Debug|x64.Build.0 = Debug|Any CPU
		{9AFDE48C-D4A3-4322-9B41-0D881D1A49ED}.Debug|x86.ActiveCfg = Debug|Any CPU
		{9AFDE48C-D4A3-4322-9B41-0D881D1A49ED}.Debug|x86.Build.0 = Debug|Any CPU
		{9AFDE48C-D4A3-4322-9B41-0D881D1A49ED}.Release|Any CPU.ActiveCfg = Release|Any CPU
		{9AFDE48C-D4A3-4322-9B41-0D881D1A49ED}.Release|Any CPU.Build.0 = Release|Any CPU
		{9AFDE48C-D4A3-4322-9B41-0D881D1A49ED}.Release|x64.ActiveCfg = Release|Any CPU
		{9AFDE48C-D4A3-4322-9B41-0D881D1A49ED}.Release|x64.Build.0 = Release|Any CPU
		{9AFDE48C-D4A3-4322-9B41-0D881D1A49ED}.Release|x86.ActiveCfg = Release|Any CPU
		{9AFDE48C-D4A3-4322-9B41-0D881D1A49ED}.Release|x86.Build.0 = Release|Any CPU
		{9AFDE48C-D4A3-4322-9B41-0D881D1A49ED}.Retail|Any CPU.ActiveCfg = Release|Any CPU
		{9AFDE48C-D4A3-4322-9B41-0D881D1A49ED}.Retail|Any CPU.Build.0 = Release|Any CPU
		{9AFDE48C-D4A3-4322-9B41-0D881D1A49ED}.Retail|x64.ActiveCfg = Release|Any CPU
		{9AFDE48C-D4A3-4322-9B41-0D881D1A49ED}.Retail|x64.Build.0 = Release|Any CPU
		{9AFDE48C-D4A3-4322-9B41-0D881D1A49ED}.Retail|x86.ActiveCfg = Release|Any CPU
		{9AFDE48C-D4A3-4322-9B41-0D881D1A49ED}.Retail|x86.Build.0 = Release|Any CPU
	EndGlobalSection
	GlobalSection(SolutionProperties) = preSolution
		HideSolutionNode = FALSE
	EndGlobalSection
	GlobalSection(NestedProjects) = preSolution
		{F3E50046-481C-4B6F-87B3-4A20CC5CC1EE} = {1FE2EC2E-7052-4F0B-85C2-59226534F361}
		{BE141B54-9355-4CEA-BE0D-BC59F5AAE4D0} = {1FE2EC2E-7052-4F0B-85C2-59226534F361}
		{B1EB84CB-16F6-4741-86E9-D0C628AC2947} = {3C4CE707-10FB-4C1C-94A1-FE0B31BF7E3B}
		{C68994DF-9643-45D0-AC7F-E6BD5E6D3DE7} = {3C4CE707-10FB-4C1C-94A1-FE0B31BF7E3B}
		{0E961E02-5342-4E70-9D77-9D377BAF811D} = {3C4CE707-10FB-4C1C-94A1-FE0B31BF7E3B}
		{9AFDE48C-D4A3-4322-9B41-0D881D1A49ED} = {3C4CE707-10FB-4C1C-94A1-FE0B31BF7E3B}
	EndGlobalSection
	GlobalSection(ExtensibilityGlobals) = postSolution
		SolutionGuid = {C80AB695-16A9-4C5A-AC56-25D58EAFBB16}
	EndGlobalSection
EndGlobal
