
Microsoft Visual Studio Solution File, Format Version 12.00
# Visual Studio 15
VisualStudioVersion = 15.0.26730.16
MinimumVisualStudioVersion = 10.0.40219.1
Project("{FAE04EC0-301F-11D3-BF4B-00C04F79EFBC}") = "Pixel3D.Network", "src\Pixel3D.Network\Pixel3D.Network.csproj", "{6DBFBD4D-6879-4366-9CD3-A89A2756B765}"
EndProject
Project("{FAE04EC0-301F-11D3-BF4B-00C04F79EFBC}") = "Pixel3D.P2P", "src\Pixel3D.P2P\Pixel3D.P2P.csproj", "{9B577641-709F-4ABD-8AFB-1A127255EA3E}"
EndProject
Project("{FAE04EC0-301F-11D3-BF4B-00C04F79EFBC}") = "Pixel3D.Network.Rollback", "src\Pixel3D.Network.Rollback\Pixel3D.Network.Rollback.csproj", "{D8F8ED9D-322A-4832-91A1-D0371DA25D74}"
EndProject
Project("{FAE04EC0-301F-11D3-BF4B-00C04F79EFBC}") = "Pixel3D.Network.Rollback.Input", "src\Pixel3D.Network.Rollback.Input\Pixel3D.Network.Rollback.Input.csproj", "{9A3B44B2-C5FC-45A4-915D-8F4B4AD665F8}"
EndProject
Project("{2150E333-8FDC-42A3-9474-1A3956D46DE8}") = "Third Party", "Third Party", "{1FE2EC2E-7052-4F0B-85C2-59226534F361}"
EndProject
Project("{FAE04EC0-301F-11D3-BF4B-00C04F79EFBC}") = "Pixel3D.Network.Demo", "test\Pixel3D.Network.Demo\Pixel3D.Network.Demo.csproj", "{65B8A6B1-A982-42A5-A8D5-F156D82B85DB}"
EndProject
Project("{2150E333-8FDC-42A3-9474-1A3956D46DE8}") = "Networking", "Networking", "{3C4CE707-10FB-4C1C-94A1-FE0B31BF7E3B}"
EndProject
Project("{2150E333-8FDC-42A3-9474-1A3956D46DE8}") = "Solution Items", "Solution Items", "{F923BB5B-13E4-423E-8833-C21F64CE89F9}"
	ProjectSection(SolutionItems) = preProject
		LICENSE = LICENSE
		pack.bat = pack.bat
		src\Pixel3D.Network\Pixel3D.Network.nuspec = src\Pixel3D.Network\Pixel3D.Network.nuspec
		push.bat = push.bat
		README.md = README.md
	EndProjectSection
EndProject
Project("{9A19103F-16F7-4668-BE54-9A1E7A4F7556}") = "FNA.Core", "..\FNA\FNA.Core.csproj", "{F3E50046-481C-4B6F-87B3-4A20CC5CC1EE}"
EndProject
Project("{FAE04EC0-301F-11D3-BF4B-00C04F79EFBC}") = "Lidgren.Network", "src\Lidgren.Network\Lidgren.Network.csproj", "{BE141B54-9355-4CEA-BE0D-BC59F5AAE4D0}"
EndProject
Global
	GlobalSection(SolutionConfigurationPlatforms) = preSolution
		Debug|Any CPU = Debug|Any CPU
		Debug|x64 = Debug|x64
		Debug|x86 = Debug|x86
		Release|Any CPU = Release|Any CPU
		Release|x64 = Release|x64
		Release|x86 = Release|x86
		Retail|Any CPU = Retail|Any CPU
		Retail|x64 = Retail|x64
		Retail|x86 = Retail|x86
	EndGlobalSection
	GlobalSection(ProjectConfigurationPlatforms) = postSolution
		{6DBFBD4D-6879-4366-9CD3-A89A2756B765}.Debug|Any CPU.ActiveCfg = Debug|Any CPU
		{6DBFBD4D-6879-4366-9CD3-A89A2756B765}.Debug|Any CPU.Build.0 = Debug|Any CPU
		{6DBFBD4D-6879-4366-9CD3-A89A2756B765}.Debug|x64.ActiveCfg = Debug|Any CPU
		{6DBFBD4D-6879-4366-9CD3-A89A2756B765}.Debug|x64.Build.0 = Debug|Any CPU
		{6DBFBD4D-6879-4366-9CD3-A89A2756B765}.Debug|x86.ActiveCfg = Debug|Any CPU
		{6DBFBD4D-6879-4366-9CD3-A89A2756B765}.Debug|x86.Build.0 = Debug|Any CPU
		{6DBFBD4D-6879-4366-9CD3-A89A2756B765}.Release|Any CPU.ActiveCfg = Release|x86
		{6DBFBD4D-6879-4366-9CD3-A89A2756B765}.Release|Any CPU.Build.0 = Release|x86
		{6DBFBD4D-6879-4366-9CD3-A89A2756B765}.Release|x64.ActiveCfg = Release|Any CPU
		{6DBFBD4D-6879-4366-9CD3-A89A2756B765}.Release|x64.Build.0 = Release|Any CPU
		{6DBFBD4D-6879-4366-9CD3-A89A2756B765}.Release|x86.ActiveCfg = Release|Any CPU
		{6DBFBD4D-6879-4366-9CD3-A89A2756B765}.Release|x86.Build.0 = Release|Any CPU
		{6DBFBD4D-6879-4366-9CD3-A89A2756B765}.Retail|Any CPU.ActiveCfg = Release|Any CPU
		{6DBFBD4D-6879-4366-9CD3-A89A2756B765}.Retail|Any CPU.Build.0 = Release|Any CPU
		{6DBFBD4D-6879-4366-9CD3-A89A2756B765}.Retail|x64.ActiveCfg = Release|Any CPU
		{6DBFBD4D-6879-4366-9CD3-A89A2756B765}.Retail|x64.Build.0 = Release|Any CPU
		{6DBFBD4D-6879-4366-9CD3-A89A2756B765}.Retail|x86.ActiveCfg = Release|Any CPU
		{6DBFBD4D-6879-4366-9CD3-A89A2756B765}.Retail|x86.Build.0 = Release|Any CPU
		{9B577641-709F-4ABD-8AFB-1A127255EA3E}.Debug|Any CPU.ActiveCfg = Debug|Any CPU
		{9B577641-709F-4ABD-8AFB-1A127255EA3E}.Debug|Any CPU.Build.0 = Debug|Any CPU
		{9B577641-709F-4ABD-8AFB-1A127255EA3E}.Debug|x64.ActiveCfg = Debug|Any CPU
		{9B577641-709F-4ABD-8AFB-1A127255EA3E}.Debug|x64.Build.0 = Debug|Any CPU
		{9B577641-709F-4ABD-8AFB-1A127255EA3E}.Debug|x86.ActiveCfg = Debug|Any CPU
		{9B577641-709F-4ABD-8AFB-1A127255EA3E}.Debug|x86.Build.0 = Debug|Any CPU
		{9B577641-709F-4ABD-8AFB-1A127255EA3E}.Release|Any CPU.ActiveCfg = Release|x86
		{9B577641-709F-4ABD-8AFB-1A127255EA3E}.Release|Any CPU.Build.0 = Release|x86
		{9B577641-709F-4ABD-8AFB-1A127255EA3E}.Release|x64.ActiveCfg = Release|Any CPU
		{9B577641-709F-4ABD-8AFB-1A127255EA3E}.Release|x64.Build.0 = Release|Any CPU
		{9B577641-709F-4ABD-8AFB-1A127255EA3E}.Release|x86.ActiveCfg = Release|Any CPU
		{9B577641-709F-4ABD-8AFB-1A127255EA3E}.Release|x86.Build.0 = Release|Any CPU
		{9B577641-709F-4ABD-8AFB-1A127255EA3E}.Retail|Any CPU.ActiveCfg = Release|Any CPU
		{9B577641-709F-4ABD-8AFB-1A127255EA3E}.Retail|Any CPU.Build.0 = Release|Any CPU
		{9B577641-709F-4ABD-8AFB-1A127255EA3E}.Retail|x64.ActiveCfg = Release|Any CPU
		{9B577641-709F-4ABD-8AFB-1A127255EA3E}.Retail|x64.Build.0 = Release|Any CPU
		{9B577641-709F-4ABD-8AFB-1A127255EA3E}.Retail|x86.ActiveCfg = Release|Any CPU
		{9B577641-709F-4ABD-8AFB-1A127255EA3E}.Retail|x86.Build.0 = Release|Any CPU
		{D8F8ED9D-322A-4832-91A1-D0371DA25D74}.Debug|Any CPU.ActiveCfg = Debug|Any CPU
		{D8F8ED9D-322A-4832-91A1-D0371DA25D74}.Debug|Any CPU.Build.0 = Debug|Any CPU
		{D8F8ED9D-322A-4832-91A1-D0371DA25D74}.Debug|x64.ActiveCfg = Debug|Any CPU
		{D8F8ED9D-322A-4832-91A1-D0371DA25D74}.Debug|x64.Build.0 = Debug|Any CPU
		{D8F8ED9D-322A-4832-91A1-D0371DA25D74}.Debug|x86.ActiveCfg = Debug|Any CPU
		{D8F8ED9D-322A-4832-91A1-D0371DA25D74}.Debug|x86.Build.0 = Debug|Any CPU
		{D8F8ED9D-322A-4832-91A1-D0371DA25D74}.Release|Any CPU.ActiveCfg = Release|x86
		{D8F8ED9D-322A-4832-91A1-D0371DA25D74}.Release|Any CPU.Build.0 = Release|x86
		{D8F8ED9D-322A-4832-91A1-D0371DA25D74}.Release|x64.ActiveCfg = Release|Any CPU
		{D8F8ED9D-322A-4832-91A1-D0371DA25D74}.Release|x64.Build.0 = Release|Any CPU
		{D8F8ED9D-322A-4832-91A1-D0371DA25D74}.Release|x86.ActiveCfg = Release|Any CPU
		{D8F8ED9D-322A-4832-91A1-D0371DA25D74}.Release|x86.Build.0 = Release|Any CPU
		{D8F8ED9D-322A-4832-91A1-D0371DA25D74}.Retail|Any CPU.ActiveCfg = Release|Any CPU
		{D8F8ED9D-322A-4832-91A1-D0371DA25D74}.Retail|Any CPU.Build.0 = Release|Any CPU
		{D8F8ED9D-322A-4832-91A1-D0371DA25D74}.Retail|x64.ActiveCfg = Release|Any CPU
		{D8F8ED9D-322A-4832-91A1-D0371DA25D74}.Retail|x64.Build.0 = Release|Any CPU
		{D8F8ED9D-322A-4832-91A1-D0371DA25D74}.Retail|x86.ActiveCfg = Release|Any CPU
		{D8F8ED9D-322A-4832-91A1-D0371DA25D74}.Retail|x86.Build.0 = Release|Any CPU
		{9A3B44B2-C5FC-45A4-915D-8F4B4AD665F8}.Debug|Any CPU.ActiveCfg = Debug|Any CPU
		{9A3B44B2-C5FC-45A4-915D-8F4B4AD665F8}.Debug|Any CPU.Build.0 = Debug|Any CPU
		{9A3B44B2-C5FC-45A4-915D-8F4B4AD665F8}.Debug|x64.ActiveCfg = Debug|Any CPU
		{9A3B44B2-C5FC-45A4-915D-8F4B4AD665F8}.Debug|x64.Build.0 = Debug|Any CPU
		{9A3B44B2-C5FC-45A4-915D-8F4B4AD665F8}.Debug|x86.ActiveCfg = Debug|Any CPU
		{9A3B44B2-C5FC-45A4-915D-8F4B4AD665F8}.Debug|x86.Build.0 = Debug|Any CPU
		{9A3B44B2-C5FC-45A4-915D-8F4B4AD665F8}.Release|Any CPU.ActiveCfg = Release|x86
		{9A3B44B2-C5FC-45A4-915D-8F4B4AD665F8}.Release|Any CPU.Build.0 = Release|x86
		{9A3B44B2-C5FC-45A4-915D-8F4B4AD665F8}.Release|x64.ActiveCfg = Release|Any CPU
		{9A3B44B2-C5FC-45A4-915D-8F4B4AD665F8}.Release|x64.Build.0 = Release|Any CPU
		{9A3B44B2-C5FC-45A4-915D-8F4B4AD665F8}.Release|x86.ActiveCfg = Release|Any CPU
		{9A3B44B2-C5FC-45A4-915D-8F4B4AD665F8}.Release|x86.Build.0 = Release|Any CPU
		{9A3B44B2-C5FC-45A4-915D-8F4B4AD665F8}.Retail|Any CPU.ActiveCfg = Release|Any CPU
		{9A3B44B2-C5FC-45A4-915D-8F4B4AD665F8}.Retail|Any CPU.Build.0 = Release|Any CPU
		{9A3B44B2-C5FC-45A4-915D-8F4B4AD665F8}.Retail|x64.ActiveCfg = Release|Any CPU
		{9A3B44B2-C5FC-45A4-915D-8F4B4AD665F8}.Retail|x64.Build.0 = Release|Any CPU
		{9A3B44B2-C5FC-45A4-915D-8F4B4AD665F8}.Retail|x86.ActiveCfg = Release|Any CPU
		{9A3B44B2-C5FC-45A4-915D-8F4B4AD665F8}.Retail|x86.Build.0 = Release|Any CPU
		{65B8A6B1-A982-42A5-A8D5-F156D82B85DB}.Debug|Any CPU.ActiveCfg = Debug|Any CPU
		{65B8A6B1-A982-42A5-A8D5-F156D82B85DB}.Debug|Any CPU.Build.0 = Debug|Any CPU
		{65B8A6B1-A982-42A5-A8D5-F156D82B85DB}.Debug|x64.ActiveCfg = Debug|x86
		{65B8A6B1-A982-42A5-A8D5-F156D82B85DB}.Debug|x86.ActiveCfg = Debug|Any CPU
		{65B8A6B1-A982-42A5-A8D5-F156D82B85DB}.Debug|x86.Build.0 = Debug|Any CPU
		{65B8A6B1-A982-42A5-A8D5-F156D82B85DB}.Release|Any CPU.ActiveCfg = Release|x86
		{65B8A6B1-A982-42A5-A8D5-F156D82B85DB}.Release|Any CPU.Build.0 = Release|x86
		{65B8A6B1-A982-42A5-A8D5-F156D82B85DB}.Release|x64.ActiveCfg = Release|x86
		{65B8A6B1-A982-42A5-A8D5-F156D82B85DB}.Release|x86.ActiveCfg = Release|x86
		{65B8A6B1-A982-42A5-A8D5-F156D82B85DB}.Release|x86.Build.0 = Release|x86
		{65B8A6B1-A982-42A5-A8D5-F156D82B85DB}.Retail|Any CPU.ActiveCfg = Release|x86
		{65B8A6B1-A982-42A5-A8D5-F156D82B85DB}.Retail|Any CPU.Build.0 = Release|x86
		{65B8A6B1-A982-42A5-A8D5-F156D82B85DB}.Retail|x64.ActiveCfg = Release|x86
		{65B8A6B1-A982-42A5-A8D5-F156D82B85DB}.Retail|x64.Build.0 = Release|x86
		{65B8A6B1-A982-42A5-A8D5-F156D82B85DB}.Retail|x86.ActiveCfg = Release|x86
		{65B8A6B1-A982-42A5-A8D5-F156D82B85DB}.Retail|x86.Build.0 = Release|x86
		{F3E50046-481C-4B6F-87B3-4A20CC5CC1EE}.Debug|Any CPU.ActiveCfg = Debug|Any CPU
		{F3E50046-481C-4B6F-87B3-4A20CC5CC1EE}.Debug|Any CPU.Build.0 = Debug|Any CPU
		{F3E50046-481C-4B6F-87B3-4A20CC5CC1EE}.Debug|x64.ActiveCfg = Debug|x64
		{F3E50046-481C-4B6F-87B3-4A20CC5CC1EE}.Debug|x64.Build.0 = Debug|x64
		{F3E50046-481C-4B6F-87B3-4A20CC5CC1EE}.Debug|x86.ActiveCfg = Debug|Any CPU
		{F3E50046-481C-4B6F-87B3-4A20CC5CC1EE}.Debug|x86.Build.0 = Debug|Any CPU
		{F3E50046-481C-4B6F-87B3-4A20CC5CC1EE}.Release|Any CPU.ActiveCfg = Release|Any CPU
		{F3E50046-481C-4B6F-87B3-4A20CC5CC1EE}.Release|Any CPU.Build.0 = Release|Any CPU
		{F3E50046-481C-4B6F-87B3-4A20CC5CC1EE}.Release|x64.ActiveCfg = Release|x64
		{F3E50046-481C-4B6F-87B3-4A20CC5CC1EE}.Release|x64.Build.0 = Release|x64
		{F3E50046-481C-4B6F-87B3-4A20CC5CC1EE}.Release|x86.ActiveCfg = Release|Any CPU
		{F3E50046-481C-4B6F-87B3-4A20CC5CC1EE}.Release|x86.Build.0 = Release|Any CPU
		{F3E50046-481C-4B6F-87B3-4A20CC5CC1EE}.Retail|Any CPU.ActiveCfg = Release|Any CPU
		{F3E50046-481C-4B6F-87B3-4A20CC5CC1EE}.Retail|Any CPU.Build.0 = Release|Any CPU
		{F3E50046-481C-4B6F-87B3-4A20CC5CC1EE}.Retail|x64.ActiveCfg = Release|x64
		{F3E50046-481C-4B6F-87B3-4A20CC5CC1EE}.Retail|x64.Build.0 = Release|x64
		{F3E50046-481C-4B6F-87B3-4A20CC5CC1EE}.Retail|x86.ActiveCfg = Release|Any CPU
		{F3E50046-481C-4B6F-87B3-4A20CC5CC1EE}.Retail|x86.Build.0 = Release|Any CPU
		{BE141B54-9355-4CEA-BE0D-BC59F5AAE4D0}.Debug|Any CPU.ActiveCfg = Debug|Any CPU
		{BE141B54-9355-4CEA-BE0D-BC59F5AAE4D0}.Debug|Any CPU.Build.0 = Debug|Any CPU
		{BE141B54-9355-4CEA-BE0D-BC59F5AAE4D0}.Debug|x64.ActiveCfg = Debug|Any CPU
		{BE141B54-9355-4CEA-BE0D-BC59F5AAE4D0}.Debug|x64.Build.0 = Debug|Any CPU
		{BE141B54-9355-4CEA-BE0D-BC59F5AAE4D0}.Debug|x86.ActiveCfg = Debug|Any CPU
		{BE141B54-9355-4CEA-BE0D-BC59F5AAE4D0}.Debug|x86.Build.0 = Debug|Any CPU
		{BE141B54-9355-4CEA-BE0D-BC59F5AAE4D0}.Release|Any CPU.ActiveCfg = Release|Any CPU
		{BE141B54-9355-4CEA-BE0D-BC59F5AAE4D0}.Release|Any CPU.Build.0 = Release|Any CPU
		{BE141B54-9355-4CEA-BE0D-BC59F5AAE4D0}.Release|x64.ActiveCfg = Release|Any CPU
		{BE141B54-9355-4CEA-BE0D-BC59F5AAE4D0}.Release|x64.Build.0 = Release|Any CPU
		{BE141B54-9355-4CEA-BE0D-BC59F5AAE4D0}.Release|x86.ActiveCfg = Release|Any CPU
		{BE141B54-9355-4CEA-BE0D-BC59F5AAE4D0}.Release|x86.Build.0 = Release|Any CPU
		{BE141B54-9355-4CEA-BE0D-BC59F5AAE4D0}.Retail|Any CPU.ActiveCfg = Release|Any CPU
		{BE141B54-9355-4CEA-BE0D-BC59F5AAE4D0}.Retail|Any CPU.Build.0 = Release|Any CPU
		{BE141B54-9355-4CEA-BE0D-BC59F5AAE4D0}.Retail|x64.ActiveCfg = Release|Any CPU
		{BE141B54-9355-4CEA-BE0D-BC59F5AAE4D0}.Retail|x64.Build.0 = Release|Any CPU
		{BE141B54-9355-4CEA-BE0D-BC59F5AAE4D0}.Retail|x86.ActiveCfg = Release|Any CPU
		{BE141B54-9355-4CEA-BE0D-BC59F5AAE4D0}.Retail|x86.Build.0 = Release|Any CPU
	EndGlobalSection
	GlobalSection(SolutionProperties) = preSolution
		HideSolutionNode = FALSE
	EndGlobalSection
	GlobalSection(NestedProjects) = preSolution
		{6DBFBD4D-6879-4366-9CD3-A89A2756B765} = {3C4CE707-10FB-4C1C-94A1-FE0B31BF7E3B}
		{9B577641-709F-4ABD-8AFB-1A127255EA3E} = {3C4CE707-10FB-4C1C-94A1-FE0B31BF7E3B}
		{D8F8ED9D-322A-4832-91A1-D0371DA25D74} = {3C4CE707-10FB-4C1C-94A1-FE0B31BF7E3B}
		{9A3B44B2-C5FC-45A4-915D-8F4B4AD665F8} = {3C4CE707-10FB-4C1C-94A1-FE0B31BF7E3B}
		{F3E50046-481C-4B6F-87B3-4A20CC5CC1EE} = {1FE2EC2E-7052-4F0B-85C2-59226534F361}
		{BE141B54-9355-4CEA-BE0D-BC59F5AAE4D0} = {1FE2EC2E-7052-4F0B-85C2-59226534F361}
	EndGlobalSection
	GlobalSection(ExtensibilityGlobals) = postSolution
		SolutionGuid = {C80AB695-16A9-4C5A-AC56-25D58EAFBB16}
	EndGlobalSection
EndGlobal
